
Microsoft Visual Studio Solution File, Format Version 12.00
# Visual Studio Version 17
VisualStudioVersion = 17.14.36811.4 d17.14
MinimumVisualStudioVersion = 10.0.40219.1
Project("{FAE04EC0-301F-11D3-BF4B-00C04F79EFBC}") = "ContractSaveFix", "src\ContractSaveFix\ContractSaveFix.csproj", "{D151A8BF-4CC6-4A1F-8AAB-519AAC3943AF}"
EndProject
Global
	GlobalSection(SolutionConfigurationPlatforms) = preSolution
		Debug|Any CPU = Debug|Any CPU
		Release|Any CPU = Release|Any CPU
	EndGlobalSection
	GlobalSection(ProjectConfigurationPlatforms) = postSolution
		{D151A8BF-4CC6-4A1F-8AAB-519AAC3943AF}.Debug|Any CPU.ActiveCfg = Debug|Any CPU
		{D151A8BF-4CC6-4A1F-8AAB-519AAC3943AF}.Debug|Any CPU.Build.0 = Debug|Any CPU
		{D151A8BF-4CC6-4A1F-8AAB-519AAC3943AF}.Release|Any CPU.ActiveCfg = Release|Any CPU
		{D151A8BF-4CC6-4A1F-8AAB-519AAC3943AF}.Release|Any CPU.Build.0 = Release|Any CPU
	EndGlobalSection
	GlobalSection(SolutionProperties) = preSolution
		HideSolutionNode = FALSE
	EndGlobalSection
	GlobalSection(ExtensibilityGlobals) = postSolution
		SolutionGuid = {B2DAD892-7D7C-45E9-8567-336B12FAF40F}
	EndGlobalSection
EndGlobal
